
Microsoft Visual Studio Solution File, Format Version 12.00
# Visual Studio 15
VisualStudioVersion = 15.0.28307.1259
MinimumVisualStudioVersion = 10.0.40219.1
Project("{FAE04EC0-301F-11D3-BF4B-00C04F79EFBC}") = "Extension Method", "Extension Method\Extension Method.csproj", "{27D8934E-49B2-494F-B1AA-627C5B8F6563}"
EndProject
Global
	GlobalSection(SolutionConfigurationPlatforms) = preSolution
		Debug|Any CPU = Debug|Any CPU
		Release|Any CPU = Release|Any CPU
	EndGlobalSection
	GlobalSection(ProjectConfigurationPlatforms) = postSolution
		{27D8934E-49B2-494F-B1AA-627C5B8F6563}.Debug|Any CPU.ActiveCfg = Debug|Any CPU
		{27D8934E-49B2-494F-B1AA-627C5B8F6563}.Debug|Any CPU.Build.0 = Debug|Any CPU
		{27D8934E-49B2-494F-B1AA-627C5B8F6563}.Release|Any CPU.ActiveCfg = Release|Any CPU
		{27D8934E-49B2-494F-B1AA-627C5B8F6563}.Release|Any CPU.Build.0 = Release|Any CPU
	EndGlobalSection
	GlobalSection(SolutionProperties) = preSolution
		HideSolutionNode = FALSE
	EndGlobalSection
	GlobalSection(ExtensibilityGlobals) = postSolution
		SolutionGuid = {9C1E1249-2644-418E-8F1A-A75791547B05}
	EndGlobalSection
EndGlobal
