
Microsoft Visual Studio Solution File, Format Version 12.00
# Visual Studio 15
VisualStudioVersion = 15.0.28307.1259
MinimumVisualStudioVersion = 10.0.40219.1
Project("{FAE04EC0-301F-11D3-BF4B-00C04F79EFBC}") = "Namespace", "Namespace\Namespace.csproj", "{5119A5C8-732F-49D6-99B7-7D4C71B0DB69}"
EndProject
Global
	GlobalSection(SolutionConfigurationPlatforms) = preSolution
		Debug|Any CPU = Debug|Any CPU
		Release|Any CPU = Release|Any CPU
	EndGlobalSection
	GlobalSection(ProjectConfigurationPlatforms) = postSolution
		{5119A5C8-732F-49D6-99B7-7D4C71B0DB69}.Debug|Any CPU.ActiveCfg = Debug|Any CPU
		{5119A5C8-732F-49D6-99B7-7D4C71B0DB69}.Debug|Any CPU.Build.0 = Debug|Any CPU
		{5119A5C8-732F-49D6-99B7-7D4C71B0DB69}.Release|Any CPU.ActiveCfg = Release|Any CPU
		{5119A5C8-732F-49D6-99B7-7D4C71B0DB69}.Release|Any CPU.Build.0 = Release|Any CPU
	EndGlobalSection
	GlobalSection(SolutionProperties) = preSolution
		HideSolutionNode = FALSE
	EndGlobalSection
	GlobalSection(ExtensibilityGlobals) = postSolution
		SolutionGuid = {578BB1C1-A20A-41D7-B448-2E2A34144CE7}
	EndGlobalSection
EndGlobal
